
Microsoft Visual Studio Solution File, Format Version 12.00
# Visual Studio 15
VisualStudioVersion = 15.0.28307.489
MinimumVisualStudioVersion = 10.0.40219.1
Project("{FAE04EC0-301F-11D3-BF4B-00C04F79EFBC}") = "CsharpToExcel", "CsharpToExcel\CsharpToExcel.csproj", "{62FE83EF-7B6E-450D-BFF3-4C45F79144D3}"
EndProject
Global
	GlobalSection(SolutionConfigurationPlatforms) = preSolution
		Debug|Any CPU = Debug|Any CPU
		Release|Any CPU = Release|Any CPU
	EndGlobalSection
	GlobalSection(ProjectConfigurationPlatforms) = postSolution
		{62FE83EF-7B6E-450D-BFF3-4C45F79144D3}.Debug|Any CPU.ActiveCfg = Debug|Any CPU
		{62FE83EF-7B6E-450D-BFF3-4C45F79144D3}.Debug|Any CPU.Build.0 = Debug|Any CPU
		{62FE83EF-7B6E-450D-BFF3-4C45F79144D3}.Release|Any CPU.ActiveCfg = Release|Any CPU
		{62FE83EF-7B6E-450D-BFF3-4C45F79144D3}.Release|Any CPU.Build.0 = Release|Any CPU
	EndGlobalSection
	GlobalSection(SolutionProperties) = preSolution
		HideSolutionNode = FALSE
	EndGlobalSection
	GlobalSection(ExtensibilityGlobals) = postSolution
		SolutionGuid = {6D147A24-8B96-41C7-9679-DD76CC03D898}
	EndGlobalSection
EndGlobal
